// !$*UTF8*$!
{
	archiveVersion = 1;
	classes = {
	};
	objectVersion = 56;
	objects = {

/* Begin PBXBuildFile section */
		E8F897472B3C61C500FDE7CC /* SleepCueApp.swift in Sources */ = {isa = PBXBuildFile; fileRef = E8F897462B3C61C500FDE7CC /* SleepCueApp.swift */; };
		E8F897492B3C61C500FDE7CC /* ContentView.swift in Sources */ = {isa = PBXBuildFile; fileRef = E8F897482B3C61C500FDE7CC /* ContentView.swift */; };
		E8F8974B2B3C61C500FDE7CC /* Item.swift in Sources */ = {isa = PBXBuildFile; fileRef = E8F8974A2B3C61C500FDE7CC /* Item.swift */; };
		E8F8974D2B3C61C700FDE7CC /* Assets.xcassets in Resources */ = {isa = PBXBuildFile; fileRef = E8F8974C2B3C61C700FDE7CC /* Assets.xcassets */; };
		E8F897502B3C61C700FDE7CC /* Preview Assets.xcassets in Resources */ = {isa = PBXBuildFile; fileRef = E8F8974F2B3C61C700FDE7CC /* Preview Assets.xcassets */; };
		E8F8975A2B3C61C700FDE7CC /* SleepCueTests.swift in Sources */ = {isa = PBXBuildFile; fileRef = E8F897592B3C61C700FDE7CC /* SleepCueTests.swift */; };
		E8F897642B3C61C700FDE7CC /* SleepCueUITests.swift in Sources */ = {isa = PBXBuildFile; fileRef = E8F897632B3C61C700FDE7CC /* SleepCueUITests.swift */; };
		E8F897662B3C61C700FDE7CC /* SleepCueUITestsLaunchTests.swift in Sources */ = {isa = PBXBuildFile; fileRef = E8F897652B3C61C700FDE7CC /* SleepCueUITestsLaunchTests.swift */; };
/* End PBXBuildFile section */

/* Begin PBXContainerItemProxy section */
		E8F897562B3C61C700FDE7CC /* PBXContainerItemProxy */ = {
			isa = PBXContainerItemProxy;
			containerPortal = E8F8973B2B3C61C500FDE7CC /* Project object */;
			proxyType = 1;
			remoteGlobalIDString = E8F897422B3C61C500FDE7CC;
			remoteInfo = SleepCue;
		};
		E8F897602B3C61C700FDE7CC /* PBXContainerItemProxy */ = {
			isa = PBXContainerItemProxy;
			containerPortal = E8F8973B2B3C61C500FDE7CC /* Project object */;
			proxyType = 1;
			remoteGlobalIDString = E8F897422B3C61C500FDE7CC;
			remoteInfo = SleepCue;
		};
/* End PBXContainerItemProxy section */

/* Begin PBXFileReference section */
		E8F897432B3C61C500FDE7CC /* SleepCue.app */ = {isa = PBXFileReference; explicitFileType = wrapper.application; includeInIndex = 0; path = SleepCue.app; sourceTree = BUILT_PRODUCTS_DIR; };
		E8F897462B3C61C500FDE7CC /* SleepCueApp.swift */ = {isa = PBXFileReference; lastKnownFileType = sourcecode.swift; path = SleepCueApp.swift; sourceTree = "<group>"; };
		E8F897482B3C61C500FDE7CC /* ContentView.swift */ = {isa = PBXFileReference; lastKnownFileType = sourcecode.swift; path = ContentView.swift; sourceTree = "<group>"; };
		E8F8974A2B3C61C500FDE7CC /* Item.swift */ = {isa = PBXFileReference; lastKnownFileType = sourcecode.swift; path = Item.swift; sourceTree = "<group>"; };
		E8F8974C2B3C61C700FDE7CC /* Assets.xcassets */ = {isa = PBXFileReference; lastKnownFileType = folder.assetcatalog; path = Assets.xcassets; sourceTree = "<group>"; };
		E8F8974F2B3C61C700FDE7CC /* Preview Assets.xcassets */ = {isa = PBXFileReference; lastKnownFileType = folder.assetcatalog; path = "Preview Assets.xcassets"; sourceTree = "<group>"; };
		E8F897552B3C61C700FDE7CC /* SleepCueTests.xctest */ = {isa = PBXFileReference; explicitFileType = wrapper.cfbundle; includeInIndex = 0; path = SleepCueTests.xctest; sourceTree = BUILT_PRODUCTS_DIR; };
		E8F897592B3C61C700FDE7CC /* SleepCueTests.swift */ = {isa = PBXFileReference; lastKnownFileType = sourcecode.swift; path = SleepCueTests.swift; sourceTree = "<group>"; };
		E8F8975F2B3C61C700FDE7CC /* SleepCueUITests.xctest */ = {isa = PBXFileReference; explicitFileType = wrapper.cfbundle; includeInIndex = 0; path = SleepCueUITests.xctest; sourceTree = BUILT_PRODUCTS_DIR; };
		E8F897632B3C61C700FDE7CC /* SleepCueUITests.swift */ = {isa = PBXFileReference; lastKnownFileType = sourcecode.swift; path = SleepCueUITests.swift; sourceTree = "<group>"; };
		E8F897652B3C61C700FDE7CC /* SleepCueUITestsLaunchTests.swift */ = {isa = PBXFileReference; lastKnownFileType = sourcecode.swift; path = SleepCueUITestsLaunchTests.swift; sourceTree = "<group>"; };
/* End PBXFileReference section */

/* Begin PBXFrameworksBuildPhase section */
		E8F897402B3C61C500FDE7CC /* Frameworks */ = {
			isa = PBXFrameworksBuildPhase;
			buildActionMask = 2147483647;
			files = (
			);
			runOnlyForDeploymentPostprocessing = 0;
		};
		E8F897522B3C61C700FDE7CC /* Frameworks */ = {
			isa = PBXFrameworksBuildPhase;
			buildActionMask = 2147483647;
			files = (
			);
			runOnlyForDeploymentPostprocessing = 0;
		};
		E8F8975C2B3C61C700FDE7CC /* Frameworks */ = {
			isa = PBXFrameworksBuildPhase;
			buildActionMask = 2147483647;
			files = (
			);
			runOnlyForDeploymentPostprocessing = 0;
		};
/* End PBXFrameworksBuildPhase section */

/* Begin PBXGroup section */
		E8F8973A2B3C61C500FDE7CC = {
			isa = PBXGroup;
			children = (
				E8F897452B3C61C500FDE7CC /* SleepCue */,
				E8F897582B3C61C700FDE7CC /* SleepCueTests */,
				E8F897622B3C61C700FDE7CC /* SleepCueUITests */,
				E8F897442B3C61C500FDE7CC /* Products */,
			);
			sourceTree = "<group>";
		};
		E8F897442B3C61C500FDE7CC /* Products */ = {
			isa = PBXGroup;
			children = (
				E8F897432B3C61C500FDE7CC /* SleepCue.app */,
				E8F897552B3C61C700FDE7CC /* SleepCueTests.xctest */,
				E8F8975F2B3C61C700FDE7CC /* SleepCueUITests.xctest */,
			);
			name = Products;
			sourceTree = "<group>";
		};
		E8F897452B3C61C500FDE7CC /* SleepCue */ = {
			isa = PBXGroup;
			children = (
				E8F897462B3C61C500FDE7CC /* SleepCueApp.swift */,
				E8F897482B3C61C500FDE7CC /* ContentView.swift */,
				E8F8974A2B3C61C500FDE7CC /* Item.swift */,
				E8F8974C2B3C61C700FDE7CC /* Assets.xcassets */,
				E8F8974E2B3C61C700FDE7CC /* Preview Content */,
			);
			path = SleepCue;
			sourceTree = "<group>";
		};
		E8F8974E2B3C61C700FDE7CC /* Preview Content */ = {
			isa = PBXGroup;
			children = (
				E8F8974F2B3C61C700FDE7CC /* Preview Assets.xcassets */,
			);
			path = "Preview Content";
			sourceTree = "<group>";
		};
		E8F897582B3C61C700FDE7CC /* SleepCueTests */ = {
			isa = PBXGroup;
			children = (
				E8F897592B3C61C700FDE7CC /* SleepCueTests.swift */,
			);
			path = SleepCueTests;
			sourceTree = "<group>";
		};
		E8F897622B3C61C700FDE7CC /* SleepCueUITests */ = {
			isa = PBXGroup;
			children = (
				E8F897632B3C61C700FDE7CC /* SleepCueUITests.swift */,
				E8F897652B3C61C700FDE7CC /* SleepCueUITestsLaunchTests.swift */,
			);
			path = SleepCueUITests;
			sourceTree = "<group>";
		};
/* End PBXGroup section */

/* Begin PBXNativeTarget section */
		E8F897422B3C61C500FDE7CC /* SleepCue */ = {
			isa = PBXNativeTarget;
			buildConfigurationList = E8F897692B3C61C700FDE7CC /* Build configuration list for PBXNativeTarget "SleepCue" */;
			buildPhases = (
				E8F8973F2B3C61C500FDE7CC /* Sources */,
				E8F897402B3C61C500FDE7CC /* Frameworks */,
				E8F897412B3C61C500FDE7CC /* Resources */,
			);
			buildRules = (
			);
			dependencies = (
			);
			name = SleepCue;
			productName = SleepCue;
			productReference = E8F897432B3C61C500FDE7CC /* SleepCue.app */;
			productType = "com.apple.product-type.application";
		};
		E8F897542B3C61C700FDE7CC /* SleepCueTests */ = {
			isa = PBXNativeTarget;
			buildConfigurationList = E8F8976C2B3C61C700FDE7CC /* Build configuration list for PBXNativeTarget "SleepCueTests" */;
			buildPhases = (
				E8F897512B3C61C700FDE7CC /* Sources */,
				E8F897522B3C61C700FDE7CC /* Frameworks */,
				E8F897532B3C61C700FDE7CC /* Resources */,
			);
			buildRules = (
			);
			dependencies = (
				E8F897572B3C61C700FDE7CC /* PBXTargetDependency */,
			);
			name = SleepCueTests;
			productName = SleepCueTests;
			productReference = E8F897552B3C61C700FDE7CC /* SleepCueTests.xctest */;
			productType = "com.apple.product-type.bundle.unit-test";
		};
		E8F8975E2B3C61C700FDE7CC /* SleepCueUITests */ = {
			isa = PBXNativeTarget;
			buildConfigurationList = E8F8976F2B3C61C700FDE7CC /* Build configuration list for PBXNativeTarget "SleepCueUITests" */;
			buildPhases = (
				E8F8975B2B3C61C700FDE7CC /* Sources */,
				E8F8975C2B3C61C700FDE7CC /* Frameworks */,
				E8F8975D2B3C61C700FDE7CC /* Resources */,
			);
			buildRules = (
			);
			dependencies = (
				E8F897612B3C61C700FDE7CC /* PBXTargetDependency */,
			);
			name = SleepCueUITests;
			productName = SleepCueUITests;
			productReference = E8F8975F2B3C61C700FDE7CC /* SleepCueUITests.xctest */;
			productType = "com.apple.product-type.bundle.ui-testing";
		};
/* End PBXNativeTarget section */

/* Begin PBXProject section */
		E8F8973B2B3C61C500FDE7CC /* Project object */ = {
			isa = PBXProject;
			attributes = {
				BuildIndependentTargetsInParallel = 1;
				LastSwiftUpdateCheck = 1510;
				LastUpgradeCheck = 1510;
				TargetAttributes = {
					E8F897422B3C61C500FDE7CC = {
						CreatedOnToolsVersion = 15.1;
					};
					E8F897542B3C61C700FDE7CC = {
						CreatedOnToolsVersion = 15.1;
						TestTargetID = E8F897422B3C61C500FDE7CC;
					};
					E8F8975E2B3C61C700FDE7CC = {
						CreatedOnToolsVersion = 15.1;
						TestTargetID = E8F897422B3C61C500FDE7CC;
					};
				};
			};
			buildConfigurationList = E8F8973E2B3C61C500FDE7CC /* Build configuration list for PBXProject "SleepCue" */;
			compatibilityVersion = "Xcode 14.0";
			developmentRegion = en;
			hasScannedForEncodings = 0;
			knownRegions = (
				en,
				Base,
			);
			mainGroup = E8F8973A2B3C61C500FDE7CC;
			productRefGroup = E8F897442B3C61C500FDE7CC /* Products */;
			projectDirPath = "";
			projectRoot = "";
			targets = (
				E8F897422B3C61C500FDE7CC /* SleepCue */,
				E8F897542B3C61C700FDE7CC /* SleepCueTests */,
				E8F8975E2B3C61C700FDE7CC /* SleepCueUITests */,
			);
		};
/* End PBXProject section */

/* Begin PBXResourcesBuildPhase section */
		E8F897412B3C61C500FDE7CC /* Resources */ = {
			isa = PBXResourcesBuildPhase;
			buildActionMask = 2147483647;
			files = (
				E8F897502B3C61C700FDE7CC /* Preview Assets.xcassets in Resources */,
				E8F8974D2B3C61C700FDE7CC /* Assets.xcassets in Resources */,
			);
			runOnlyForDeploymentPostprocessing = 0;
		};
		E8F897532B3C61C700FDE7CC /* Resources */ = {
			isa = PBXResourcesBuildPhase;
			buildActionMask = 2147483647;
			files = (
			);
			runOnlyForDeploymentPostprocessing = 0;
		};
		E8F8975D2B3C61C700FDE7CC /* Resources */ = {
			isa = PBXResourcesBuildPhase;
			buildActionMask = 2147483647;
			files = (
			);
			runOnlyForDeploymentPostprocessing = 0;
		};
/* End PBXResourcesBuildPhase section */

/* Begin PBXSourcesBuildPhase section */
		E8F8973F2B3C61C500FDE7CC /* Sources */ = {
			isa = PBXSourcesBuildPhase;
			buildActionMask = 2147483647;
			files = (
				E8F897492B3C61C500FDE7CC /* ContentView.swift in Sources */,
				E8F8974B2B3C61C500FDE7CC /* Item.swift in Sources */,
				E8F897472B3C61C500FDE7CC /* SleepCueApp.swift in Sources */,
			);
			runOnlyForDeploymentPostprocessing = 0;
		};
		E8F897512B3C61C700FDE7CC /* Sources */ = {
			isa = PBXSourcesBuildPhase;
			buildActionMask = 2147483647;
			files = (
				E8F8975A2B3C61C700FDE7CC /* SleepCueTests.swift in Sources */,
			);
			runOnlyForDeploymentPostprocessing = 0;
		};
		E8F8975B2B3C61C700FDE7CC /* Sources */ = {
			isa = PBXSourcesBuildPhase;
			buildActionMask = 2147483647;
			files = (
				E8F897662B3C61C700FDE7CC /* SleepCueUITestsLaunchTests.swift in Sources */,
				E8F897642B3C61C700FDE7CC /* SleepCueUITests.swift in Sources */,
			);
			runOnlyForDeploymentPostprocessing = 0;
		};
/* End PBXSourcesBuildPhase section */

/* Begin PBXTargetDependency section */
		E8F897572B3C61C700FDE7CC /* PBXTargetDependency */ = {
			isa = PBXTargetDependency;
			target = E8F897422B3C61C500FDE7CC /* SleepCue */;
			targetProxy = E8F897562B3C61C700FDE7CC /* PBXContainerItemProxy */;
		};
		E8F897612B3C61C700FDE7CC /* PBXTargetDependency */ = {
			isa = PBXTargetDependency;
			target = E8F897422B3C61C500FDE7CC /* SleepCue */;
			targetProxy = E8F897602B3C61C700FDE7CC /* PBXContainerItemProxy */;
		};
/* End PBXTargetDependency section */

/* Begin XCBuildConfiguration section */
		E8F897672B3C61C700FDE7CC /* Debug */ = {
			isa = XCBuildConfiguration;
			buildSettings = {
				ALWAYS_SEARCH_USER_PATHS = NO;
				ASSETCATALOG_COMPILER_GENERATE_SWIFT_ASSET_SYMBOL_EXTENSIONS = YES;
				CLANG_ANALYZER_NONNULL = YES;
				CLANG_ANALYZER_NUMBER_OBJECT_CONVERSION = YES_AGGRESSIVE;
				CLANG_CXX_LANGUAGE_STANDARD = "gnu++20";
				CLANG_ENABLE_MODULES = YES;
				CLANG_ENABLE_OBJC_ARC = YES;
				CLANG_ENABLE_OBJC_WEAK = YES;
				CLANG_WARN_BLOCK_CAPTURE_AUTORELEASING = YES;
				CLANG_WARN_BOOL_CONVERSION = YES;
				CLANG_WARN_COMMA = YES;
				CLANG_WARN_CONSTANT_CONVERSION = YES;
				CLANG_WARN_DEPRECATED_OBJC_IMPLEMENTATIONS = YES;
				CLANG_WARN_DIRECT_OBJC_ISA_USAGE = YES_ERROR;
				CLANG_WARN_DOCUMENTATION_COMMENTS = YES;
				CLANG_WARN_EMPTY_BODY = YES;
				CLANG_WARN_ENUM_CONVERSION = YES;
				CLANG_WARN_INFINITE_RECURSION = YES;
				CLANG_WARN_INT_CONVERSION = YES;
				CLANG_WARN_NON_LITERAL_NULL_CONVERSION = YES;
				CLANG_WARN_OBJC_IMPLICIT_RETAIN_SELF = YES;
				CLANG_WARN_OBJC_LITERAL_CONVERSION = YES;
				CLANG_WARN_OBJC_ROOT_CLASS = YES_ERROR;
				CLANG_WARN_QUOTED_INCLUDE_IN_FRAMEWORK_HEADER = YES;
				CLANG_WARN_RANGE_LOOP_ANALYSIS = YES;
				CLANG_WARN_STRICT_PROTOTYPES = YES;
				CLANG_WARN_SUSPICIOUS_MOVE = YES;
				CLANG_WARN_UNGUARDED_AVAILABILITY = YES_AGGRESSIVE;
				CLANG_WARN_UNREACHABLE_CODE = YES;
				CLANG_WARN__DUPLICATE_METHOD_MATCH = YES;
				COPY_PHASE_STRIP = NO;
				DEBUG_INFORMATION_FORMAT = dwarf;
				ENABLE_STRICT_OBJC_MSGSEND = YES;
				ENABLE_TESTABILITY = YES;
				ENABLE_USER_SCRIPT_SANDBOXING = YES;
				GCC_C_LANGUAGE_STANDARD = gnu17;
				GCC_DYNAMIC_NO_PIC = NO;
				GCC_NO_COMMON_BLOCKS = YES;
				GCC_OPTIMIZATION_LEVEL = 0;
				GCC_PREPROCESSOR_DEFINITIONS = (
					"DEBUG=1",
					"$(inherited)",
				);
				GCC_WARN_64_TO_32_BIT_CONVERSION = YES;
				GCC_WARN_ABOUT_RETURN_TYPE = YES_ERROR;
				GCC_WARN_UNDECLARED_SELECTOR = YES;
				GCC_WARN_UNINITIALIZED_AUTOS = YES_AGGRESSIVE;
				GCC_WARN_UNUSED_FUNCTION = YES;
				GCC_WARN_UNUSED_VARIABLE = YES;
				IPHONEOS_DEPLOYMENT_TARGET = 17.2;
				LOCALIZATION_PREFERS_STRING_CATALOGS = YES;
				MTL_ENABLE_DEBUG_INFO = INCLUDE_SOURCE;
				MTL_FAST_MATH = YES;
				ONLY_ACTIVE_ARCH = YES;
				SDKROOT = iphoneos;
				SWIFT_ACTIVE_COMPILATION_CONDITIONS = "DEBUG $(inherited)";
				SWIFT_OPTIMIZATION_LEVEL = "-Onone";
			};
			name = Debug;
		};
		E8F897682B3C61C700FDE7CC /* Release */ = {
			isa = XCBuildConfiguration;
			buildSettings = {
				ALWAYS_SEARCH_USER_PATHS = NO;
				ASSETCATALOG_COMPILER_GENERATE_SWIFT_ASSET_SYMBOL_EXTENSIONS = YES;
				CLANG_ANALYZER_NONNULL = YES;
				CLANG_ANALYZER_NUMBER_OBJECT_CONVERSION = YES_AGGRESSIVE;
				CLANG_CXX_LANGUAGE_STANDARD = "gnu++20";
				CLANG_ENABLE_MODULES = YES;
				CLANG_ENABLE_OBJC_ARC = YES;
				CLANG_ENABLE_OBJC_WEAK = YES;
				CLANG_WARN_BLOCK_CAPTURE_AUTORELEASING = YES;
				CLANG_WARN_BOOL_CONVERSION = YES;
				CLANG_WARN_COMMA = YES;
				CLANG_WARN_CONSTANT_CONVERSION = YES;
				CLANG_WARN_DEPRECATED_OBJC_IMPLEMENTATIONS = YES;
				CLANG_WARN_DIRECT_OBJC_ISA_USAGE = YES_ERROR;
				CLANG_WARN_DOCUMENTATION_COMMENTS = YES;
				CLANG_WARN_EMPTY_BODY = YES;
				CLANG_WARN_ENUM_CONVERSION = YES;
				CLANG_WARN_INFINITE_RECURSION = YES;
				CLANG_WARN_INT_CONVERSION = YES;
				CLANG_WARN_NON_LITERAL_NULL_CONVERSION = YES;
				CLANG_WARN_OBJC_IMPLICIT_RETAIN_SELF = YES;
				CLANG_WARN_OBJC_LITERAL_CONVERSION = YES;
				CLANG_WARN_OBJC_ROOT_CLASS = YES_ERROR;
				CLANG_WARN_QUOTED_INCLUDE_IN_FRAMEWORK_HEADER = YES;
				CLANG_WARN_RANGE_LOOP_ANALYSIS = YES;
				CLANG_WARN_STRICT_PROTOTYPES = YES;
				CLANG_WARN_SUSPICIOUS_MOVE = YES;
				CLANG_WARN_UNGUARDED_AVAILABILITY = YES_AGGRESSIVE;
				CLANG_WARN_UNREACHABLE_CODE = YES;
				CLANG_WARN__DUPLICATE_METHOD_MATCH = YES;
				COPY_PHASE_STRIP = NO;
				DEBUG_INFORMATION_FORMAT = "dwarf-with-dsym";
				ENABLE_NS_ASSERTIONS = NO;
				ENABLE_STRICT_OBJC_MSGSEND = YES;
				ENABLE_USER_SCRIPT_SANDBOXING = YES;
				GCC_C_LANGUAGE_STANDARD = gnu17;
				GCC_NO_COMMON_BLOCKS = YES;
				GCC_WARN_64_TO_32_BIT_CONVERSION = YES;
				GCC_WARN_ABOUT_RETURN_TYPE = YES_ERROR;
				GCC_WARN_UNDECLARED_SELECTOR = YES;
				GCC_WARN_UNINITIALIZED_AUTOS = YES_AGGRESSIVE;
				GCC_WARN_UNUSED_FUNCTION = YES;
				GCC_WARN_UNUSED_VARIABLE = YES;
				IPHONEOS_DEPLOYMENT_TARGET = 17.2;
				LOCALIZATION_PREFERS_STRING_CATALOGS = YES;
				MTL_ENABLE_DEBUG_INFO = NO;
				MTL_FAST_MATH = YES;
				SDKROOT = iphoneos;
				SWIFT_COMPILATION_MODE = wholemodule;
				VALIDATE_PRODUCT = YES;
			};
			name = Release;
		};
		E8F8976A2B3C61C700FDE7CC /* Debug */ = {
			isa = XCBuildConfiguration;
			buildSettings = {
				ASSETCATALOG_COMPILER_APPICON_NAME = AppIcon;
				ASSETCATALOG_COMPILER_GLOBAL_ACCENT_COLOR_NAME = AccentColor;
				CODE_SIGN_STYLE = Automatic;
				CURRENT_PROJECT_VERSION = 1;
				DEVELOPMENT_ASSET_PATHS = "\"SleepCue/Preview Content\"";
				DEVELOPMENT_TEAM = 5X46S2R8BY;
				ENABLE_PREVIEWS = YES;
				GENERATE_INFOPLIST_FILE = YES;
				INFOPLIST_KEY_UIApplicationSceneManifest_Generation = YES;
				INFOPLIST_KEY_UIApplicationSupportsIndirectInputEvents = YES;
				INFOPLIST_KEY_UILaunchScreen_Generation = YES;
				INFOPLIST_KEY_UISupportedInterfaceOrientations_iPad = "UIInterfaceOrientationPortrait UIInterfaceOrientationPortraitUpsideDown UIInterfaceOrientationLandscapeLeft UIInterfaceOrientationLandscapeRight";
				INFOPLIST_KEY_UISupportedInterfaceOrientations_iPhone = "UIInterfaceOrientationPortrait UIInterfaceOrientationLandscapeLeft UIInterfaceOrientationLandscapeRight";
				LD_RUNPATH_SEARCH_PATHS = (
					"$(inherited)",
					"@executable_path/Frameworks",
				);
				MARKETING_VERSION = 1.0;
				PRODUCT_BUNDLE_IDENTIFIER = com.noahJackson.SleepCue;
				PRODUCT_NAME = "$(TARGET_NAME)";
				SWIFT_EMIT_LOC_STRINGS = YES;
				SWIFT_VERSION = 5.0;
				TARGETED_DEVICE_FAMILY = "1,2";
			};
			name = Debug;
		};
		E8F8976B2B3C61C700FDE7CC /* Release */ = {
			isa = XCBuildConfiguration;
			buildSettings = {
				ASSETCATALOG_COMPILER_APPICON_NAME = AppIcon;
				ASSETCATALOG_COMPILER_GLOBAL_ACCENT_COLOR_NAME = AccentColor;
				CODE_SIGN_STYLE = Automatic;
				CURRENT_PROJECT_VERSION = 1;
				DEVELOPMENT_ASSET_PATHS = "\"SleepCue/Preview Content\"";
				DEVELOPMENT_TEAM = 5X46S2R8BY;
				ENABLE_PREVIEWS = YES;
				GENERATE_INFOPLIST_FILE = YES;
				INFOPLIST_KEY_UIApplicationSceneManifest_Generation = YES;
				INFOPLIST_KEY_UIApplicationSupportsIndirectInputEvents = YES;
				INFOPLIST_KEY_UILaunchScreen_Generation = YES;
				INFOPLIST_KEY_UISupportedInterfaceOrientations_iPad = "UIInterfaceOrientationPortrait UIInterfaceOrientationPortraitUpsideDown UIInterfaceOrientationLandscapeLeft UIInterfaceOrientationLandscapeRight";
				INFOPLIST_KEY_UISupportedInterfaceOrientations_iPhone = "UIInterfaceOrientationPortrait UIInterfaceOrientationLandscapeLeft UIInterfaceOrientationLandscapeRight";
				LD_RUNPATH_SEARCH_PATHS = (
					"$(inherited)",
					"@executable_path/Frameworks",
				);
				MARKETING_VERSION = 1.0;
				PRODUCT_BUNDLE_IDENTIFIER = com.noahJackson.SleepCue;
				PRODUCT_NAME = "$(TARGET_NAME)";
				SWIFT_EMIT_LOC_STRINGS = YES;
				SWIFT_VERSION = 5.0;
				TARGETED_DEVICE_FAMILY = "1,2";
			};
			name = Release;
		};
		E8F8976D2B3C61C700FDE7CC /* Debug */ = {
			isa = XCBuildConfiguration;
			buildSettings = {
				ALWAYS_EMBED_SWIFT_STANDARD_LIBRARIES = YES;
				BUNDLE_LOADER = "$(TEST_HOST)";
				CODE_SIGN_STYLE = Automatic;
				CURRENT_PROJECT_VERSION = 1;
				DEVELOPMENT_TEAM = 5X46S2R8BY;
				GENERATE_INFOPLIST_FILE = YES;
				IPHONEOS_DEPLOYMENT_TARGET = 17.2;
				MARKETING_VERSION = 1.0;
				PRODUCT_BUNDLE_IDENTIFIER = com.noahJackson.SleepCueTests;
				PRODUCT_NAME = "$(TARGET_NAME)";
				SWIFT_EMIT_LOC_STRINGS = NO;
				SWIFT_VERSION = 5.0;
				TARGETED_DEVICE_FAMILY = "1,2";
				TEST_HOST = "$(BUILT_PRODUCTS_DIR)/SleepCue.app/$(BUNDLE_EXECUTABLE_FOLDER_PATH)/SleepCue";
			};
			name = Debug;
		};
		E8F8976E2B3C61C700FDE7CC /* Release */ = {
			isa = XCBuildConfiguration;
			buildSettings = {
				ALWAYS_EMBED_SWIFT_STANDARD_LIBRARIES = YES;
				BUNDLE_LOADER = "$(TEST_HOST)";
				CODE_SIGN_STYLE = Automatic;
				CURRENT_PROJECT_VERSION = 1;
				DEVELOPMENT_TEAM = 5X46S2R8BY;
				GENERATE_INFOPLIST_FILE = YES;
				IPHONEOS_DEPLOYMENT_TARGET = 17.2;
				MARKETING_VERSION = 1.0;
				PRODUCT_BUNDLE_IDENTIFIER = com.noahJackson.SleepCueTests;
				PRODUCT_NAME = "$(TARGET_NAME)";
				SWIFT_EMIT_LOC_STRINGS = NO;
				SWIFT_VERSION = 5.0;
				TARGETED_DEVICE_FAMILY = "1,2";
				TEST_HOST = "$(BUILT_PRODUCTS_DIR)/SleepCue.app/$(BUNDLE_EXECUTABLE_FOLDER_PATH)/SleepCue";
			};
			name = Release;
		};
		E8F897702B3C61C700FDE7CC /* Debug */ = {
			isa = XCBuildConfiguration;
			buildSettings = {
				ALWAYS_EMBED_SWIFT_STANDARD_LIBRARIES = YES;
				CODE_SIGN_STYLE = Automatic;
				CURRENT_PROJECT_VERSION = 1;
				DEVELOPMENT_TEAM = 5X46S2R8BY;
				GENERATE_INFOPLIST_FILE = YES;
				MARKETING_VERSION = 1.0;
				PRODUCT_BUNDLE_IDENTIFIER = com.noahJackson.SleepCueUITests;
				PRODUCT_NAME = "$(TARGET_NAME)";
				SWIFT_EMIT_LOC_STRINGS = NO;
				SWIFT_VERSION = 5.0;
				TARGETED_DEVICE_FAMILY = "1,2";
				TEST_TARGET_NAME = SleepCue;
			};
			name = Debug;
		};
		E8F897712B3C61C700FDE7CC /* Release */ = {
			isa = XCBuildConfiguration;
			buildSettings = {
				ALWAYS_EMBED_SWIFT_STANDARD_LIBRARIES = YES;
				CODE_SIGN_STYLE = Automatic;
				CURRENT_PROJECT_VERSION = 1;
				DEVELOPMENT_TEAM = 5X46S2R8BY;
				GENERATE_INFOPLIST_FILE = YES;
				MARKETING_VERSION = 1.0;
				PRODUCT_BUNDLE_IDENTIFIER = com.noahJackson.SleepCueUITests;
				PRODUCT_NAME = "$(TARGET_NAME)";
				SWIFT_EMIT_LOC_STRINGS = NO;
				SWIFT_VERSION = 5.0;
				TARGETED_DEVICE_FAMILY = "1,2";
				TEST_TARGET_NAME = SleepCue;
			};
			name = Release;
		};
/* End XCBuildConfiguration section */

/* Begin XCConfigurationList section */
		E8F8973E2B3C61C500FDE7CC /* Build configuration list for PBXProject "SleepCue" */ = {
			isa = XCConfigurationList;
			buildConfigurations = (
				E8F897672B3C61C700FDE7CC /* Debug */,
				E8F897682B3C61C700FDE7CC /* Release */,
			);
			defaultConfigurationIsVisible = 0;
			defaultConfigurationName = Release;
		};
		E8F897692B3C61C700FDE7CC /* Build configuration list for PBXNativeTarget "SleepCue" */ = {
			isa = XCConfigurationList;
			buildConfigurations = (
				E8F8976A2B3C61C700FDE7CC /* Debug */,
				E8F8976B2B3C61C700FDE7CC /* Release */,
			);
			defaultConfigurationIsVisible = 0;
			defaultConfigurationName = Release;
		};
		E8F8976C2B3C61C700FDE7CC /* Build configuration list for PBXNativeTarget "SleepCueTests" */ = {
			isa = XCConfigurationList;
			buildConfigurations = (
				E8F8976D2B3C61C700FDE7CC /* Debug */,
				E8F8976E2B3C61C700FDE7CC /* Release */,
			);
			defaultConfigurationIsVisible = 0;
			defaultConfigurationName = Release;
		};
		E8F8976F2B3C61C700FDE7CC /* Build configuration list for PBXNativeTarget "SleepCueUITests" */ = {
			isa = XCConfigurationList;
			buildConfigurations = (
				E8F897702B3C61C700FDE7CC /* Debug */,
				E8F897712B3C61C700FDE7CC /* Release */,
			);
			defaultConfigurationIsVisible = 0;
			defaultConfigurationName = Release;
		};
/* End XCConfigurationList section */
	};
	rootObject = E8F8973B2B3C61C500FDE7CC /* Project object */;
}
